# This file is autogenerated, do not edit; changes may be undone by the next 'dep ensure'.


[[projects]]
  digest = "1:2be791e7b333ff7c06f8fb3dc18a7d70580e9399dbdffd352621d067ff260b6e"
  name = "github.com/Microsoft/go-winio"
  packages = ["."]
  pruneopts = "NUT"
  revision = "78a084671df137c2acfcacaa730d7e7dc285ac39"
  version = "v0.4.10"

[[projects]]
  digest = "1:3ccf8ba7afe02fd470c4f07d6eea4d0e6875da3d129f95b925f2003ce5dd2024"
  name = "github.com/StackExchange/wmi"
  packages = ["."]
  pruneopts = "NUT"
  revision = "5d049714c4a64225c3c79a7cf7d02f7fb5b96338"
  version = "1.0.0"

[[projects]]
  branch = "master"
  digest = "1:177487818df2dac0bcd832bdf5060fc6a3c782e18b8ea26183b9556439cd0ea3"
  name = "github.com/arduino/go-apt-client"
  packages = ["."]
  pruneopts = "NUT"
  revision = "1e18c69bac9fc97e3a0e1d2610ae373a23ee4201"

[[projects]]
  branch = "master"
  digest = "1:c4b73d41447b8d5e9529864c9da901ef1c444fd2b5cbbcbf002e2e525af5715d"
  name = "github.com/arduino/go-system-stats"
  packages = [
    "disk",
    "mem",
    "network",
    "system",
  ]
  pruneopts = "NUT"
  revision = "1598cba505aa234f94532ae9474bc0241ac80b6c"

[[projects]]
  branch = "master"
  digest = "1:0b4800dc39d46c2022979110568a9342a237a7cef4c980b630a4c8cfe7e67aed"
  name = "github.com/arduino/gonetworkmanager"
  packages = ["."]
  pruneopts = "NUT"
  revision = "c0a58e05a1548cf4dfa0957ae889e07f62692903"

[[projects]]
  digest = "1:aba270497eb2d49f5cba6f4162d524b9a1195a24cbce8be20bf56a0051f47deb"
  name = "github.com/blang/semver"
  packages = ["."]
  pruneopts = "NUT"
  revision = "2ee87856327ba09384cabd113bc6b5d174e9ec0f"
  version = "v3.5.1"

[[projects]]
  digest = "1:4189ee6a3844f555124d9d2656fe7af02fca961c2a9bad9074789df13a0c62e0"
  name = "github.com/docker/distribution"
  packages = [
    "digestset",
    "reference",
  ]
  pruneopts = "NUT"
  revision = "83389a148052d74ac602f5f1d62f86ff2f3c4aa5"

[[projects]]
  digest = "1:6c772250a960332474bb46dc9a0ac118ab66f7dbc88228b2b594793426d0cf3d"
  name = "github.com/docker/docker"
  packages = [
    "api",
    "api/types",
    "api/types/blkiodev",
    "api/types/container",
    "api/types/events",
    "api/types/filters",
    "api/types/image",
    "api/types/mount",
    "api/types/network",
    "api/types/registry",
    "api/types/strslice",
    "api/types/swarm",
    "api/types/swarm/runtime",
    "api/types/time",
    "api/types/versions",
    "api/types/volume",
    "client",
    "errdefs",
  ]
  pruneopts = "NUT"
  revision = "a0385f7ad7f8ebab4ca88e9b629a6b31423a10ee"

[[projects]]
  digest = "1:2a47f7eb1a2c30428d1ee6808cb66d4deb17e68a3e55d696f03c8068552ba5e8"
  name = "github.com/docker/go-connections"
  packages = [
    "nat",
    "sockets",
    "tlsconfig",
  ]
  pruneopts = "NUT"
  revision = "7395e3f8aa162843a74ed6d48e79627d9792ac55"
  version = "v0.4.0"

[[projects]]
  digest = "1:4340101f42556a9cb2f7a360a0e95a019bfef6247d92e6c4c46f2433cf86a482"
  name = "github.com/docker/go-units"
  packages = ["."]
  pruneopts = "NUT"
  revision = "47565b4f722fb6ceae66b95f853feed578a4a51c"
  version = "v0.3.3"

[[projects]]
  digest = "1:aba48b6c6600a43db48da14ae43338220b2cfc262a0e064b29085fbf75ed5b68"
  name = "github.com/eclipse/paho.mqtt.golang"
  packages = [
    ".",
    "packets",
  ]
  pruneopts = "NUT"
  revision = "36d01c2b4cbeb3d2a12063e4880ce30800af9560"
  version = "v1.1.1"

[[projects]]
  branch = "master"
  digest = "1:bd6de26a3dd75dd7efbf12d1b8551fada3242bc7de520ab2ac7b46b0723a4568"
  name = "github.com/facchinm/service"
  packages = ["."]
  pruneopts = "NUT"
  revision = "5cffdea7926c1170498ac332803fbd391f228e35"

[[projects]]
  digest = "1:1b91ae0dc69a41d4c2ed23ea5cffb721ea63f5037ca4b81e6d6771fbb8f45129"
  name = "github.com/fsnotify/fsnotify"
  packages = ["."]
  pruneopts = "NUT"
  revision = "c2828203cd70a50dcccfb2761f8b1f8ceef9a8e9"
  version = "v1.4.7"

[[projects]]
  digest = "1:cb4e216bd9f58866f42dc65893455b24f879b026fdaa1ecc3aafff625fdb5a66"
  name = "github.com/go-ole/go-ole"
  packages = [
    ".",
    "oleutil",
  ]
  pruneopts = "NUT"
  revision = "a41e3c4b706f6ae8dfbff342b06e40fa4d2d0506"
  version = "v1.2.1"

[[projects]]
  digest = "1:ca3369c0fc8d471d8698f85a37a4f8c98a847402681a31431fb87a84fa2e5373"
  name = "github.com/godbus/dbus"
  packages = ["."]
  pruneopts = "NUT"
  revision = "a389bdde4dd695d414e47b755e95e72b7826432c"
  version = "v4.1.0"

[[projects]]
  digest = "1:38e684375ef5b55e812332266d63f9fc5b6329ab303067c4cdda051db6d29ca4"
  name = "github.com/gogo/protobuf"
  packages = ["proto"]
  pruneopts = "NUT"
  revision = "636bf0302bc95575d69441b25a2603156ffdddf1"
  version = "v1.1.1"

[[projects]]
  branch = "master"
  digest = "1:8d485687c449a7db7d4e8e1d6526036fe38e433232416010fe3970c929134073"
  name = "github.com/hpcloud/tail"
  packages = [
    ".",
    "ratelimiter",
    "util",
    "watch",
    "winfile",
  ]
  pruneopts = "NUT"
  revision = "a1dbeea552b7c8df4b542c66073e393de198a800"

[[projects]]
  branch = "master"
  digest = "1:263f9b0a0bcbfff9d5e7d9f2aa11f53995d98214fe0fb97e429e7a5f4534a0f9"
  name = "github.com/kardianos/osext"
  packages = ["."]
  pruneopts = "NUT"
  revision = "ae77be60afb1dcacde03767a8c37337fad28ac14"

[[projects]]
  digest = "1:48306f3ac75da2e9facec89df74e5ac14737402af373171bc4b91655e7d7d097"
  name = "github.com/kr/binarydist"
  packages = ["."]
  pruneopts = "NUT"
  revision = "88f551ae580780cc79d12ab4c218ba1ca346b83a"
  version = "v0.1.0"

[[projects]]
  digest = "1:bc691028377c246d0c85e723d0ea726f899b2b53d5bc72542b74fe9054d447f2"
  name = "github.com/kr/pty"
  packages = ["."]
  pruneopts = "NUT"
  revision = "fa756f09eeb418bf1cc6268c66ceaad9bb98f598"
  version = "v1.1.2"

[[projects]]
  digest = "1:9430e7bc8e4a37eceee3f735b3da1eb1bfdb39b90e9c856b76adf351fb362621"
  name = "github.com/namsral/flag"
  packages = ["."]
  pruneopts = "NUT"
  revision = "71ceffbeb0ba60fccc853971bb3ed4d7d90bfd04"
  version = "v1.7.4-pre"

[[projects]]
  digest = "1:d17c66640de13e5abdec06f6e0d026bb8b31ddc86178405544329c4a7c2e74fd"
  name = "github.com/nats-io/gnatsd"
  packages = [
    "conf",
    "logger",
    "server",
    "server/pse",
    "util",
  ]
  pruneopts = "NUT"
  revision = "6608e9ac3be979dcb0614b772cc86a87b71acaa3"
  version = "v1.2.0"

[[projects]]
  digest = "1:7384857e3cd6009fa5ee212e3518773cdf222fe44aab9c3095a92b7a73f7612c"
  name = "github.com/nats-io/go-nats"
  packages = [
    ".",
    "encoders/builtin",
    "util",
  ]
  pruneopts = "NUT"
  revision = "062418ea1c2181f52dc0f954f6204370519a868b"
  version = "v1.5.0"

[[projects]]
  digest = "1:552100985450eaa4a8fa8d18fe8b6b1a04997c4d2ac24f154cc9471430cc4e1c"
  name = "github.com/nats-io/nuid"
  packages = ["."]
  pruneopts = "NUT"
  revision = "289cccf02c178dc782430d534e3c1f5b72af807f"
  version = "v1.0.0"

[[projects]]
  digest = "1:e0cc8395ea893c898ff5eb0850f4d9851c1f57c78c232304a026379a47a552d0"
  name = "github.com/opencontainers/go-digest"
  packages = ["."]
  pruneopts = "NUT"
  revision = "279bed98673dd5bef374d3b6e4b09e2af76183bf"
  version = "v1.0.0-rc1"

[[projects]]
  digest = "1:11db38d694c130c800d0aefb502fb02519e514dc53d9804ce51d1ad25ec27db6"
  name = "github.com/opencontainers/image-spec"
  packages = [
    "specs-go",
    "specs-go/v1",
  ]
  pruneopts = "NUT"
  revision = "d60099175f88c47cd379c4738d158884749ed235"
  version = "v1.0.1"

[[projects]]
  digest = "1:5cf3f025cbee5951a4ee961de067c8a89fc95a5adabead774f82822efabab121"
  name = "github.com/pkg/errors"
  packages = ["."]
  pruneopts = "NUT"
  revision = "645ef00459ed84a119197bfb8d8205042c6df63d"
  version = "v0.8.0"

[[projects]]
  digest = "1:6bc0652ea6e39e22ccd522458b8bdd8665bf23bdc5a20eec90056e4dc7e273ca"
  name = "github.com/satori/go.uuid"
  packages = ["."]
  pruneopts = "NUT"
  revision = "f58768cc1a7a7e77a3bd49e98cdd21419399b6a3"
  version = "v1.2.0"

[[projects]]
  digest = "1:23d963778896113e7cece2666264009d0f558418a0b4971708e2001b6d1dd794"
  name = "github.com/shirou/gopsutil"
  packages = [
    "host",
    "internal/common",
    "process",
  ]
  pruneopts = "NUT"
  revision = "8048a2e9c5773235122027dd585cf821b2af1249"
  version = "v2.18.07"

[[projects]]
  branch = "master"
  digest = "1:e553fe4155c84c96265e97552685e834aa563c822c053f5deed1334ada1a815e"
  name = "golang.org/x/crypto"
  packages = [
    "bcrypt",
    "blowfish",
    "cast5",
    "openpgp",
    "openpgp/armor",
    "openpgp/elgamal",
    "openpgp/errors",
    "openpgp/packet",
    "openpgp/s2k",
    "ssh/terminal",
  ]
  pruneopts = "NUT"
  revision = "614d502a4dac94afa3a6ce146bd1736da82514c6"

[[projects]]
  branch = "master"
  digest = "1:9ab73c6afa8b3245d321adfe5232df92f404389733e69962e78204322daec8ee"
  name = "golang.org/x/net"
  packages = [
    "context",
    "context/ctxhttp",
    "internal/socks",
    "proxy",
    "websocket",
  ]
  pruneopts = "NUT"
  revision = "922f4815f713f213882e8ef45e0d315b164d705c"

[[projects]]
  branch = "master"
  digest = "1:e1ae51d0838cae4b46f6f31a188e63ffb059f05f442916a30774daeed4fba58e"
  name = "golang.org/x/sys"
  packages = [
    "unix",
    "windows",
    "windows/registry",
    "windows/svc",
    "windows/svc/debug",
    "windows/svc/eventlog",
    "windows/svc/mgr",
  ]
  pruneopts = "NUT"
  revision = "3b58ed4ad3395d483fc92d5d14123ce2c3581fec"

[[projects]]
  digest = "1:1b91ae0dc69a41d4c2ed23ea5cffb721ea63f5037ca4b81e6d6771fbb8f45129"
  name = "gopkg.in/fsnotify/fsnotify.v1"
  packages = ["."]
  pruneopts = "NUT"
  revision = "c2828203cd70a50dcccfb2761f8b1f8ceef9a8e9"
  version = "v1.4.7"

[[projects]]
  branch = "v0"
  digest = "1:299a25c4ee90eb917553bb4d51e04b75f1b56bc1b4f5c63ed21e5369fb533855"
  name = "gopkg.in/inconshreveable/go-update.v0"
  packages = [
    ".",
    "download",
  ]
  pruneopts = "NUT"
  revision = "d8b0b1d421aa1cbf392c05869f8abbc669bb7066"

[[projects]]
  branch = "v1"
  digest = "1:8fb1ccb16a6cfecbfdfeb84d8ea1cc7afa8f9ef16526bc2326f72d993e32cef1"
  name = "gopkg.in/tomb.v1"
  packages = ["."]
  pruneopts = "NUT"
  revision = "dd632973f1e7218eb1089048e0798ec9ae7dceb8"

[solve-meta]
  analyzer-name = "dep"
  analyzer-version = 1
  input-imports = [
    "github.com/arduino/go-apt-client",
    "github.com/arduino/go-system-stats/disk",
    "github.com/arduino/go-system-stats/mem",
    "github.com/arduino/go-system-stats/network",
    "github.com/arduino/go-system-stats/system",
    "github.com/blang/semver",
    "github.com/docker/docker/api/types",
    "github.com/docker/docker/api/types/container",
    "github.com/docker/docker/api/types/filters",
    "github.com/docker/docker/api/types/network",
    "github.com/docker/docker/client",
    "github.com/eclipse/paho.mqtt.golang",
    "github.com/facchinm/service",
    "github.com/fsnotify/fsnotify",
    "github.com/hpcloud/tail",
    "github.com/kardianos/osext",
    "github.com/kr/binarydist",
    "github.com/kr/pty",
    "github.com/namsral/flag",
    "github.com/nats-io/gnatsd/logger",
    "github.com/nats-io/gnatsd/server",
    "github.com/nats-io/go-nats",
    "github.com/pkg/errors",
    "github.com/shirou/gopsutil/host",
    "golang.org/x/crypto/openpgp",
    "golang.org/x/crypto/ssh/terminal",
    "golang.org/x/net/context",
    "gopkg.in/inconshreveable/go-update.v0",
  ]
  solver-name = "gps-cdcl"
  solver-version = 1
